{
  "name": "ngx-emfular-integration",
  "version": "0.0.7",
  "lockfileVersion": 3,
  "requires": true,
  "packages": {
    "": {
      "name": "ngx-emfular-integration",
      "version": "0.0.7",
      "dependencies": {
        "@angular/material": "~19.2.4",
        "tslib": "^2.3.0"
      },
      "peerDependencies": {
        "@angular/common": "^19.2.0",
        "@angular/core": "^19.2.0",
        "emfular": ">=9.0.0 <11.0.0",
        "ngx-emfular-helper": "^0.3.1"
      }
    },
    "node_modules/@angular/cdk": {
      "version": "19.2.19",
      "resolved": "https://registry.npmjs.org/@angular/cdk/-/cdk-19.2.19.tgz",
      "integrity": "sha512-PCpJagurPBqciqcq4Z8+3OtKLb7rSl4w/qBJoIMua8CgnrjvA1i+SWawhdtfI1zlY8FSwhzLwXV0CmWWfFzQPg==",
      "license": "MIT",
      "peer": true,
      "dependencies": {
        "parse5": "^7.1.2",
        "tslib": "^2.3.0"
      },
      "peerDependencies": {
        "@angular/common": "^19.0.0 || ^20.0.0",
        "@angular/core": "^19.0.0 || ^20.0.0",
        "rxjs": "^6.5.3 || ^7.4.0"
      }
    },
    "node_modules/@angular/common": {
      "version": "19.2.19",
      "resolved": "https://registry.npmjs.org/@angular/common/-/common-19.2.19.tgz",
      "integrity": "sha512-/JYo8jJZ6BAgw3IVYJpinAfGb+RbaZubrElFvaq450BWxDPInv7Z99HKEQ3qEBRsBeIAQ/WrKXDxoJSjy7QMNQ==",
      "license": "MIT",
      "peer": true,
      "dependencies": {
        "tslib": "^2.3.0"
      },
      "engines": {
        "node": "^18.19.1 || ^20.11.1 || >=22.0.0"
      },
      "peerDependencies": {
        "@angular/core": "19.2.19",
        "rxjs": "^6.5.3 || ^7.4.0"
      }
    },
    "node_modules/@angular/core": {
      "version": "19.2.19",
      "resolved": "https://registry.npmjs.org/@angular/core/-/core-19.2.19.tgz",
      "integrity": "sha512-VZAzpxBoQgyy7AOlhxbAHxPQWo0nk8xsnrD36PLCZeTZA/5GNzO3lLVaX2N5BCUgpgiCBjNBKq9kVo6ZkAls9g==",
      "license": "MIT",
      "peer": true,
      "dependencies": {
        "tslib": "^2.3.0"
      },
      "engines": {
        "node": "^18.19.1 || ^20.11.1 || >=22.0.0"
      },
      "peerDependencies": {
        "rxjs": "^6.5.3 || ^7.4.0",
        "zone.js": "~0.15.0"
      }
    },
    "node_modules/@angular/forms": {
      "version": "19.2.19",
      "resolved": "https://registry.npmjs.org/@angular/forms/-/forms-19.2.19.tgz",
      "integrity": "sha512-J09++utTVaPs962y/adeDjIgqyhzNpnzAS7Nex+HNy/LnWPcTNW781cOh1EGS1X/+CmgnI8HWs5z4KGeBeU1aA==",
      "license": "MIT",
      "peer": true,
      "dependencies": {
        "tslib": "^2.3.0"
      },
      "engines": {
        "node": "^18.19.1 || ^20.11.1 || >=22.0.0"
      },
      "peerDependencies": {
        "@angular/common": "19.2.19",
        "@angular/core": "19.2.19",
        "@angular/platform-browser": "19.2.19",
        "rxjs": "^6.5.3 || ^7.4.0"
      }
    },
    "node_modules/@angular/material": {
      "version": "19.2.19",
      "resolved": "https://registry.npmjs.org/@angular/material/-/material-19.2.19.tgz",
      "integrity": "sha512-auIE6JUzTIA3LyYklh9J/T7u64crmphxUBgAa0zcOMDog6SYfwbNe9YeLQqua5ek4OUAOdK/BHHfVl5W5iaUoQ==",
      "license": "MIT",
      "dependencies": {
        "tslib": "^2.3.0"
      },
      "peerDependencies": {
        "@angular/cdk": "19.2.19",
        "@angular/common": "^19.0.0 || ^20.0.0",
        "@angular/core": "^19.0.0 || ^20.0.0",
        "@angular/forms": "^19.0.0 || ^20.0.0",
        "@angular/platform-browser": "^19.0.0 || ^20.0.0",
        "rxjs": "^6.5.3 || ^7.4.0"
      }
    },
    "node_modules/@angular/platform-browser": {
      "version": "19.2.19",
      "resolved": "https://registry.npmjs.org/@angular/platform-browser/-/platform-browser-19.2.19.tgz",
      "integrity": "sha512-bnQSmoJNI1LQxJnHnB01XQXqgOdgAtLAOsa24ZT6b2pWV3Vw0/7+V2dZsNZX/TJtejunvSgSDCEqgJhIQ5vBVg==",
      "license": "MIT",
      "peer": true,
      "dependencies": {
        "tslib": "^2.3.0"
      },
      "engines": {
        "node": "^18.19.1 || ^20.11.1 || >=22.0.0"
      },
      "peerDependencies": {
        "@angular/animations": "19.2.19",
        "@angular/common": "19.2.19",
        "@angular/core": "19.2.19"
      },
      "peerDependenciesMeta": {
        "@angular/animations": {
          "optional": true
        }
      }
    },
    "node_modules/@types/uuid": {
      "version": "10.0.0",
      "resolved": "https://registry.npmjs.org/@types/uuid/-/uuid-10.0.0.tgz",
      "integrity": "sha512-7gqG38EyHgyP1S+7+xomFtL+ZNHcKv6DwNaCZmJmo1vgMugyF3TCnXVg4t1uk89mLNwnLtnY3TpOpCOyp1/xHQ==",
      "license": "MIT",
      "peer": true
    },
    "node_modules/emfular": {
      "version": "9.1.0",
      "resolved": "https://registry.npmjs.org/emfular/-/emfular-9.1.0.tgz",
      "integrity": "sha512-GJPTmnA3038o8HIGImWCv1FZvZGSBW2m6VzO3+m9KIO3n8gJJ7Dl+I1OAd+S0LukW6Kms16kSv5E05TE6LHHgg==",
      "peer": true,
      "dependencies": {
        "tslib": "^2.3.0"
      },
      "peerDependencies": {
        "@types/uuid": "^10.0.0"
      }
    },
    "node_modules/entities": {
      "version": "6.0.1",
      "resolved": "https://registry.npmjs.org/entities/-/entities-6.0.1.tgz",
      "integrity": "sha512-aN97NXWF6AWBTahfVOIrB/NShkzi5H7F9r1s9mD3cDj4Ko5f2qhhVoYMibXF7GlLveb/D2ioWay8lxI97Ven3g==",
      "license": "BSD-2-Clause",
      "peer": true,
      "engines": {
        "node": ">=0.12"
      },
      "funding": {
        "url": "https://github.com/fb55/entities?sponsor=1"
      }
    },
    "node_modules/ngx-emfular-helper": {
      "version": "0.3.1",
      "resolved": "https://registry.npmjs.org/ngx-emfular-helper/-/ngx-emfular-helper-0.3.1.tgz",
      "integrity": "sha512-+vU//ZY0KZMWpi5efn6nkt7zuB5iKOKW73D70ARcgR7lC4E1TaoC+UzUtWvwkgtslE5XY+ciFHT7skUZuZry1Q==",
      "peer": true,
      "dependencies": {
        "tslib": "^2.3.0"
      },
      "peerDependencies": {
        "@angular/common": "^19.2.0",
        "@angular/core": "^19.2.0",
        "@angular/material": "~19.2.4"
      }
    },
    "node_modules/parse5": {
      "version": "7.3.0",
      "resolved": "https://registry.npmjs.org/parse5/-/parse5-7.3.0.tgz",
      "integrity": "sha512-IInvU7fabl34qmi9gY8XOVxhYyMyuH2xUNpb2q8/Y+7552KlejkRvqvD19nMoUW/uQGGbqNpA6Tufu5FL5BZgw==",
      "license": "MIT",
      "peer": true,
      "dependencies": {
        "entities": "^6.0.0"
      },
      "funding": {
        "url": "https://github.com/inikulin/parse5?sponsor=1"
      }
    },
    "node_modules/rxjs": {
      "version": "7.8.2",
      "resolved": "https://registry.npmjs.org/rxjs/-/rxjs-7.8.2.tgz",
      "integrity": "sha512-dhKf903U/PQZY6boNNtAGdWbG85WAbjT/1xYoZIC7FAY0yWapOBQVsVrDl58W86//e1VpMNBtRV4MaXfdMySFA==",
      "license": "Apache-2.0",
      "peer": true,
      "dependencies": {
        "tslib": "^2.1.0"
      }
    },
    "node_modules/tslib": {
      "version": "2.8.1",
      "resolved": "https://registry.npmjs.org/tslib/-/tslib-2.8.1.tgz",
      "integrity": "sha512-oJFu94HQb+KVduSUQL7wnpmqnfmLsOA/nAh6b6EH0wCEoK0/mPeXU6c3wKDV83MkOuHPRHtSXKKU99IBazS/2w==",
      "license": "0BSD"
    },
    "node_modules/zone.js": {
      "version": "0.15.1",
      "resolved": "https://registry.npmjs.org/zone.js/-/zone.js-0.15.1.tgz",
      "integrity": "sha512-XE96n56IQpJM7NAoXswY3XRLcWFW83xe0BiAOeMD7K5k5xecOeul3Qcpx6GqEeeHNkW5DWL5zOyTbEfB4eti8w==",
      "license": "MIT",
      "peer": true
    }
  }
}
